
Microsoft Visual Studio Solution File, Format Version 12.00
# Visual Studio Version 17
VisualStudioVersion = 17.10.35013.160
MinimumVisualStudioVersion = 10.0.40219.1
Project("{9A19103F-16F7-4668-BE54-9A1E7A4F7556}") = "WordTemplates_refactofing", "WordTemplates\WordTemplates_refactofing.csproj", "{82DD9007-6E33-4FC1-B3E2-CB53F9C3B858}"
EndProject
Global
	GlobalSection(SolutionConfigurationPlatforms) = preSolution
		Debug|Any CPU = Debug|Any CPU
		Release|Any CPU = Release|Any CPU
	EndGlobalSection
	GlobalSection(ProjectConfigurationPlatforms) = postSolution
		{82DD9007-6E33-4FC1-B3E2-CB53F9C3B858}.Debug|Any CPU.ActiveCfg = Debug|Any CPU
		{82DD9007-6E33-4FC1-B3E2-CB53F9C3B858}.Debug|Any CPU.Build.0 = Debug|Any CPU
		{82DD9007-6E33-4FC1-B3E2-CB53F9C3B858}.Release|Any CPU.ActiveCfg = Release|Any CPU
		{82DD9007-6E33-4FC1-B3E2-CB53F9C3B858}.Release|Any CPU.Build.0 = Release|Any CPU
	EndGlobalSection
	GlobalSection(SolutionProperties) = preSolution
		HideSolutionNode = FALSE
	EndGlobalSection
	GlobalSection(ExtensibilityGlobals) = postSolution
		SolutionGuid = {55971851-5AC5-4C6E-A234-9D575FA7B953}
	EndGlobalSection
EndGlobal
